Microsoft Visual Studio Solution File, Format Version 12.00
# Visual Studio Version 17
VisualStudioVersion = 17.0.31903.59
MinimumVisualStudioVersion = 10.0.40219.1
Project("{2150E333-8FDC-42A3-9474-1A3956D46DE8}") = "src", "src", "{827E0CD3-B72D-47B6-A68D-7590B98EB39B}"
EndProject
Project("{FAE04EC0-301F-11D3-BF4B-00C04F79EFBC}") = "BlunderForge.Domain", "src\BlunderForge.Domain\BlunderForge.Domain.csproj", "{C55A51ED-C02A-4A25-A509-33CFE3B05BA3}"
EndProject
Project("{FAE04EC0-301F-11D3-BF4B-00C04F79EFBC}") = "BlunderForge.Application", "src\BlunderForge.Application\BlunderForge.Application.csproj", "{34C2354A-F714-4AD9-B28F-384F29A6F71D}"
EndProject
Project("{FAE04EC0-301F-11D3-BF4B-00C04F79EFBC}") = "BlunderForge.Infrastructure", "src\BlunderForge.Infrastructure\BlunderForge.Infrastructure.csproj", "{DB343C5C-58AC-4D1D-805E-F2C0581491F8}"
EndProject
Project("{FAE04EC0-301F-11D3-BF4B-00C04F79EFBC}") = "BlunderForge.Web", "src\BlunderForge.Web\BlunderForge.Web.csproj", "{7BEA1EE1-CA89-4EBC-821A-6E874EE19A5C}"
EndProject
Project("{2150E333-8FDC-42A3-9474-1A3956D46DE8}") = "tests", "tests", "{0AB3BF05-4346-4AA6-1389-037BE0695223}"
EndProject
Project("{FAE04EC0-301F-11D3-BF4B-00C04F79EFBC}") = "BlunderForge.DomainTests", "tests\BlunderForge.DomainTests\BlunderForge.DomainTests.csproj", "{720C2153-594F-4CA0-8674-308BD37D20A2}"
EndProject
Project("{FAE04EC0-301F-11D3-BF4B-00C04F79EFBC}") = "BlunderForge.ApplicationTests", "tests\BlunderForge.ApplicationTests\BlunderForge.ApplicationTests.csproj", "{2871FFD1-3A5F-4CF4-8B69-72A5192F3AFA}"
EndProject
Project("{FAE04EC0-301F-11D3-BF4B-00C04F79EFBC}") = "BlunderForge.WebTests", "tests\BlunderForge.WebTests\BlunderForge.WebTests.csproj", "{ED155E70-3BF3-4443-997C-7AC1FEA2180D}"
EndProject
Project("{FAE04EC0-301F-11D3-BF4B-00C04F79EFBC}") = "BlunderForge.InfrastructureTests", "tests\BlunderForge.InfrastructureTests\BlunderForge.InfrastructureTests.csproj", "{C90C3017-CF94-4F65-ACA0-244C31B88805}"
EndProject
Project("{FAE04EC0-301F-11D3-BF4B-00C04F79EFBC}") = "BlunderForge.FakeStockfish", "tests\BlunderForge.FakeStockfish\BlunderForge.FakeStockfish.csproj", "{0ECDBA18-2542-4FD1-A590-4ADAD5D245C2}"
EndProject
Global
	GlobalSection(SolutionConfigurationPlatforms) = preSolution
		Debug|Any CPU = Debug|Any CPU
		Debug|x64 = Debug|x64
		Debug|x86 = Debug|x86
		Release|Any CPU = Release|Any CPU
		Release|x64 = Release|x64
		Release|x86 = Release|x86
	EndGlobalSection
	GlobalSection(ProjectConfigurationPlatforms) = postSolution
		{C55A51ED-C02A-4A25-A509-33CFE3B05BA3}.Debug|Any CPU.ActiveCfg = Debug|Any CPU
		{C55A51ED-C02A-4A25-A509-33CFE3B05BA3}.Debug|Any CPU.Build.0 = Debug|Any CPU
		{C55A51ED-C02A-4A25-A509-33CFE3B05BA3}.Debug|x64.ActiveCfg = Debug|Any CPU
		{C55A51ED-C02A-4A25-A509-33CFE3B05BA3}.Debug|x64.Build.0 = Debug|Any CPU
		{C55A51ED-C02A-4A25-A509-33CFE3B05BA3}.Debug|x86.ActiveCfg = Debug|Any CPU
		{C55A51ED-C02A-4A25-A509-33CFE3B05BA3}.Debug|x86.Build.0 = Debug|Any CPU
		{C55A51ED-C02A-4A25-A509-33CFE3B05BA3}.Release|Any CPU.ActiveCfg = Release|Any CPU
		{C55A51ED-C02A-4A25-A509-33CFE3B05BA3}.Release|Any CPU.Build.0 = Release|Any CPU
		{C55A51ED-C02A-4A25-A509-33CFE3B05BA3}.Release|x64.ActiveCfg = Release|Any CPU
		{C55A51ED-C02A-4A25-A509-33CFE3B05BA3}.Release|x64.Build.0 = Release|Any CPU
		{C55A51ED-C02A-4A25-A509-33CFE3B05BA3}.Release|x86.ActiveCfg = Release|Any CPU
		{C55A51ED-C02A-4A25-A509-33CFE3B05BA3}.Release|x86.Build.0 = Release|Any CPU
		{34C2354A-F714-4AD9-B28F-384F29A6F71D}.Debug|Any CPU.ActiveCfg = Debug|Any CPU
		{34C2354A-F714-4AD9-B28F-384F29A6F71D}.Debug|Any CPU.Build.0 = Debug|Any CPU
		{34C2354A-F714-4AD9-B28F-384F29A6F71D}.Debug|x64.ActiveCfg = Debug|Any CPU
		{34C2354A-F714-4AD9-B28F-384F29A6F71D}.Debug|x64.Build.0 = Debug|Any CPU
		{34C2354A-F714-4AD9-B28F-384F29A6F71D}.Debug|x86.ActiveCfg = Debug|Any CPU
		{34C2354A-F714-4AD9-B28F-384F29A6F71D}.Debug|x86.Build.0 = Debug|Any CPU
		{34C2354A-F714-4AD9-B28F-384F29A6F71D}.Release|Any CPU.ActiveCfg = Release|Any CPU
		{34C2354A-F714-4AD9-B28F-384F29A6F71D}.Release|Any CPU.Build.0 = Release|Any CPU
		{34C2354A-F714-4AD9-B28F-384F29A6F71D}.Release|x64.ActiveCfg = Release|Any CPU
		{34C2354A-F714-4AD9-B28F-384F29A6F71D}.Release|x64.Build.0 = Release|Any CPU
		{34C2354A-F714-4AD9-B28F-384F29A6F71D}.Release|x86.ActiveCfg = Release|Any CPU
		{34C2354A-F714-4AD9-B28F-384F29A6F71D}.Release|x86.Build.0 = Release|Any CPU
		{DB343C5C-58AC-4D1D-805E-F2C0581491F8}.Debug|Any CPU.ActiveCfg = Debug|Any CPU
		{DB343C5C-58AC-4D1D-805E-F2C0581491F8}.Debug|Any CPU.Build.0 = Debug|Any CPU
		{DB343C5C-58AC-4D1D-805E-F2C0581491F8}.Debug|x64.ActiveCfg = Debug|Any CPU
		{DB343C5C-58AC-4D1D-805E-F2C0581491F8}.Debug|x64.Build.0 = Debug|Any CPU
		{DB343C5C-58AC-4D1D-805E-F2C0581491F8}.Debug|x86.ActiveCfg = Debug|Any CPU
		{DB343C5C-58AC-4D1D-805E-F2C0581491F8}.Debug|x86.Build.0 = Debug|Any CPU
		{DB343C5C-58AC-4D1D-805E-F2C0581491F8}.Release|Any CPU.ActiveCfg = Release|Any CPU
		{DB343C5C-58AC-4D1D-805E-F2C0581491F8}.Release|Any CPU.Build.0 = Release|Any CPU
		{DB343C5C-58AC-4D1D-805E-F2C0581491F8}.Release|x64.ActiveCfg = Release|Any CPU
		{DB343C5C-58AC-4D1D-805E-F2C0581491F8}.Release|x64.Build.0 = Release|Any CPU
		{DB343C5C-58AC-4D1D-805E-F2C0581491F8}.Release|x86.ActiveCfg = Release|Any CPU
		{DB343C5C-58AC-4D1D-805E-F2C0581491F8}.Release|x86.Build.0 = Release|Any CPU
		{7BEA1EE1-CA89-4EBC-821A-6E874EE19A5C}.Debug|Any CPU.ActiveCfg = Debug|Any CPU
		{7BEA1EE1-CA89-4EBC-821A-6E874EE19A5C}.Debug|Any CPU.Build.0 = Debug|Any CPU
		{7BEA1EE1-CA89-4EBC-821A-6E874EE19A5C}.Debug|x64.ActiveCfg = Debug|Any CPU
		{7BEA1EE1-CA89-4EBC-821A-6E874EE19A5C}.Debug|x64.Build.0 = Debug|Any CPU
		{7BEA1EE1-CA89-4EBC-821A-6E874EE19A5C}.Debug|x86.ActiveCfg = Debug|Any CPU
		{7BEA1EE1-CA89-4EBC-821A-6E874EE19A5C}.Debug|x86.Build.0 = Debug|Any CPU
		{7BEA1EE1-CA89-4EBC-821A-6E874EE19A5C}.Release|Any CPU.ActiveCfg = Release|Any CPU
		{7BEA1EE1-CA89-4EBC-821A-6E874EE19A5C}.Release|Any CPU.Build.0 = Release|Any CPU
		{7BEA1EE1-CA89-4EBC-821A-6E874EE19A5C}.Release|x64.ActiveCfg = Release|Any CPU
		{7BEA1EE1-CA89-4EBC-821A-6E874EE19A5C}.Release|x64.Build.0 = Release|Any CPU
		{7BEA1EE1-CA89-4EBC-821A-6E874EE19A5C}.Release|x86.ActiveCfg = Release|Any CPU
		{7BEA1EE1-CA89-4EBC-821A-6E874EE19A5C}.Release|x86.Build.0 = Release|Any CPU
		{720C2153-594F-4CA0-8674-308BD37D20A2}.Debug|Any CPU.ActiveCfg = Debug|Any CPU
		{720C2153-594F-4CA0-8674-308BD37D20A2}.Debug|Any CPU.Build.0 = Debug|Any CPU
		{720C2153-594F-4CA0-8674-308BD37D20A2}.Debug|x64.ActiveCfg = Debug|Any CPU
		{720C2153-594F-4CA0-8674-308BD37D20A2}.Debug|x64.Build.0 = Debug|Any CPU
		{720C2153-594F-4CA0-8674-308BD37D20A2}.Debug|x86.ActiveCfg = Debug|Any CPU
		{720C2153-594F-4CA0-8674-308BD37D20A2}.Debug|x86.Build.0 = Debug|Any CPU
		{720C2153-594F-4CA0-8674-308BD37D20A2}.Release|Any CPU.ActiveCfg = Release|Any CPU
		{720C2153-594F-4CA0-8674-308BD37D20A2}.Release|Any CPU.Build.0 = Release|Any CPU
		{720C2153-594F-4CA0-8674-308BD37D20A2}.Release|x64.ActiveCfg = Release|Any CPU
		{720C2153-594F-4CA0-8674-308BD37D20A2}.Release|x64.Build.0 = Release|Any CPU
		{720C2153-594F-4CA0-8674-308BD37D20A2}.Release|x86.ActiveCfg = Release|Any CPU
		{720C2153-594F-4CA0-8674-308BD37D20A2}.Release|x86.Build.0 = Release|Any CPU
		{2871FFD1-3A5F-4CF4-8B69-72A5192F3AFA}.Debug|Any CPU.ActiveCfg = Debug|Any CPU
		{2871FFD1-3A5F-4CF4-8B69-72A5192F3AFA}.Debug|Any CPU.Build.0 = Debug|Any CPU
		{2871FFD1-3A5F-4CF4-8B69-72A5192F3AFA}.Debug|x64.ActiveCfg = Debug|Any CPU
		{2871FFD1-3A5F-4CF4-8B69-72A5192F3AFA}.Debug|x64.Build.0 = Debug|Any CPU
		{2871FFD1-3A5F-4CF4-8B69-72A5192F3AFA}.Debug|x86.ActiveCfg = Debug|Any CPU
		{2871FFD1-3A5F-4CF4-8B69-72A5192F3AFA}.Debug|x86.Build.0 = Debug|Any CPU
		{2871FFD1-3A5F-4CF4-8B69-72A5192F3AFA}.Release|Any CPU.ActiveCfg = Release|Any CPU
		{2871FFD1-3A5F-4CF4-8B69-72A5192F3AFA}.Release|Any CPU.Build.0 = Release|Any CPU
		{2871FFD1-3A5F-4CF4-8B69-72A5192F3AFA}.Release|x64.ActiveCfg = Release|Any CPU
		{2871FFD1-3A5F-4CF4-8B69-72A5192F3AFA}.Release|x64.Build.0 = Release|Any CPU
		{2871FFD1-3A5F-4CF4-8B69-72A5192F3AFA}.Release|x86.ActiveCfg = Release|Any CPU
		{2871FFD1-3A5F-4CF4-8B69-72A5192F3AFA}.Release|x86.Build.0 = Release|Any CPU
		{ED155E70-3BF3-4443-997C-7AC1FEA2180D}.Debug|Any CPU.ActiveCfg = Debug|Any CPU
		{ED155E70-3BF3-4443-997C-7AC1FEA2180D}.Debug|Any CPU.Build.0 = Debug|Any CPU
		{ED155E70-3BF3-4443-997C-7AC1FEA2180D}.Debug|x64.ActiveCfg = Debug|Any CPU
		{ED155E70-3BF3-4443-997C-7AC1FEA2180D}.Debug|x64.Build.0 = Debug|Any CPU
		{ED155E70-3BF3-4443-997C-7AC1FEA2180D}.Debug|x86.ActiveCfg = Debug|Any CPU
		{ED155E70-3BF3-4443-997C-7AC1FEA2180D}.Debug|x86.Build.0 = Debug|Any CPU
		{ED155E70-3BF3-4443-997C-7AC1FEA2180D}.Release|Any CPU.ActiveCfg = Release|Any CPU
		{ED155E70-3BF3-4443-997C-7AC1FEA2180D}.Release|Any CPU.Build.0 = Release|Any CPU
		{ED155E70-3BF3-4443-997C-7AC1FEA2180D}.Release|x64.ActiveCfg = Release|Any CPU
		{ED155E70-3BF3-4443-997C-7AC1FEA2180D}.Release|x64.Build.0 = Release|Any CPU
		{ED155E70-3BF3-4443-997C-7AC1FEA2180D}.Release|x86.ActiveCfg = Release|Any CPU
		{ED155E70-3BF3-4443-997C-7AC1FEA2180D}.Release|x86.Build.0 = Release|Any CPU
		{C90C3017-CF94-4F65-ACA0-244C31B88805}.Debug|Any CPU.ActiveCfg = Debug|Any CPU
		{C90C3017-CF94-4F65-ACA0-244C31B88805}.Debug|Any CPU.Build.0 = Debug|Any CPU
		{C90C3017-CF94-4F65-ACA0-244C31B88805}.Debug|x64.ActiveCfg = Debug|Any CPU
		{C90C3017-CF94-4F65-ACA0-244C31B88805}.Debug|x64.Build.0 = Debug|Any CPU
		{C90C3017-CF94-4F65-ACA0-244C31B88805}.Debug|x86.ActiveCfg = Debug|Any CPU
		{C90C3017-CF94-4F65-ACA0-244C31B88805}.Debug|x86.Build.0 = Debug|Any CPU
		{C90C3017-CF94-4F65-ACA0-244C31B88805}.Release|Any CPU.ActiveCfg = Release|Any CPU
		{C90C3017-CF94-4F65-ACA0-244C31B88805}.Release|Any CPU.Build.0 = Release|Any CPU
		{C90C3017-CF94-4F65-ACA0-244C31B88805}.Release|x64.ActiveCfg = Release|Any CPU
		{C90C3017-CF94-4F65-ACA0-244C31B88805}.Release|x64.Build.0 = Release|Any CPU
		{C90C3017-CF94-4F65-ACA0-244C31B88805}.Release|x86.ActiveCfg = Release|Any CPU
		{C90C3017-CF94-4F65-ACA0-244C31B88805}.Release|x86.Build.0 = Release|Any CPU
		{0ECDBA18-2542-4FD1-A590-4ADAD5D245C2}.Debug|Any CPU.ActiveCfg = Debug|Any CPU
		{0ECDBA18-2542-4FD1-A590-4ADAD5D245C2}.Debug|Any CPU.Build.0 = Debug|Any CPU
		{0ECDBA18-2542-4FD1-A590-4ADAD5D245C2}.Debug|x64.ActiveCfg = Debug|Any CPU
		{0ECDBA18-2542-4FD1-A590-4ADAD5D245C2}.Debug|x64.Build.0 = Debug|Any CPU
		{0ECDBA18-2542-4FD1-A590-4ADAD5D245C2}.Debug|x86.ActiveCfg = Debug|Any CPU
		{0ECDBA18-2542-4FD1-A590-4ADAD5D245C2}.Debug|x86.Build.0 = Debug|Any CPU
		{0ECDBA18-2542-4FD1-A590-4ADAD5D245C2}.Release|Any CPU.ActiveCfg = Release|Any CPU
		{0ECDBA18-2542-4FD1-A590-4ADAD5D245C2}.Release|Any CPU.Build.0 = Release|Any CPU
		{0ECDBA18-2542-4FD1-A590-4ADAD5D245C2}.Release|x64.ActiveCfg = Release|Any CPU
		{0ECDBA18-2542-4FD1-A590-4ADAD5D245C2}.Release|x64.Build.0 = Release|Any CPU
		{0ECDBA18-2542-4FD1-A590-4ADAD5D245C2}.Release|x86.ActiveCfg = Release|Any CPU
		{0ECDBA18-2542-4FD1-A590-4ADAD5D245C2}.Release|x86.Build.0 = Release|Any CPU
	EndGlobalSection
	GlobalSection(SolutionProperties) = preSolution
		HideSolutionNode = FALSE
	EndGlobalSection
	GlobalSection(NestedProjects) = preSolution
		{C55A51ED-C02A-4A25-A509-33CFE3B05BA3} = {827E0CD3-B72D-47B6-A68D-7590B98EB39B}
		{34C2354A-F714-4AD9-B28F-384F29A6F71D} = {827E0CD3-B72D-47B6-A68D-7590B98EB39B}
		{DB343C5C-58AC-4D1D-805E-F2C0581491F8} = {827E0CD3-B72D-47B6-A68D-7590B98EB39B}
		{7BEA1EE1-CA89-4EBC-821A-6E874EE19A5C} = {827E0CD3-B72D-47B6-A68D-7590B98EB39B}
		{720C2153-594F-4CA0-8674-308BD37D20A2} = {0AB3BF05-4346-4AA6-1389-037BE0695223}
		{2871FFD1-3A5F-4CF4-8B69-72A5192F3AFA} = {0AB3BF05-4346-4AA6-1389-037BE0695223}
		{ED155E70-3BF3-4443-997C-7AC1FEA2180D} = {0AB3BF05-4346-4AA6-1389-037BE0695223}
		{C90C3017-CF94-4F65-ACA0-244C31B88805} = {0AB3BF05-4346-4AA6-1389-037BE0695223}
		{0ECDBA18-2542-4FD1-A590-4ADAD5D245C2} = {0AB3BF05-4346-4AA6-1389-037BE0695223}
	EndGlobalSection
EndGlobal
